
Microsoft Visual Studio Solution File, Format Version 12.00
# Visual Studio 15
VisualStudioVersion = 15.0.28307.421
MinimumVisualStudioVersion = 10.0.40219.1
Project("{FAE04EC0-301F-11D3-BF4B-00C04F79EFBC}") = "HW1", "HW1\HW1.csproj", "{6732F0D6-8BAB-4526-B807-F4BEC3DB0CEF}"
EndProject
Global
	GlobalSection(SolutionConfigurationPlatforms) = preSolution
		Debug|Any CPU = Debug|Any CPU
		Release|Any CPU = Release|Any CPU
	EndGlobalSection
	GlobalSection(ProjectConfigurationPlatforms) = postSolution
		{6732F0D6-8BAB-4526-B807-F4BEC3DB0CEF}.Debug|Any CPU.ActiveCfg = Debug|Any CPU
		{6732F0D6-8BAB-4526-B807-F4BEC3DB0CEF}.Debug|Any CPU.Build.0 = Debug|Any CPU
		{6732F0D6-8BAB-4526-B807-F4BEC3DB0CEF}.Release|Any CPU.ActiveCfg = Release|Any CPU
		{6732F0D6-8BAB-4526-B807-F4BEC3DB0CEF}.Release|Any CPU.Build.0 = Release|Any CPU
	EndGlobalSection
	GlobalSection(SolutionProperties) = preSolution
		HideSolutionNode = FALSE
	EndGlobalSection
	GlobalSection(ExtensibilityGlobals) = postSolution
		SolutionGuid = {6BCE2B93-1898-4A41-9F3C-F1E437B9EBF6}
	EndGlobalSection
EndGlobal
